
Microsoft Visual Studio Solution File, Format Version 12.00
# Visual Studio Version 17
VisualStudioVersion = 17.1.32421.90
MinimumVisualStudioVersion = 10.0.40219.1
Project("{888888A0-9F3D-457C-B088-3A5042F75D52}") = "program testing 3", "program testing 3\program testing 3.pyproj", "{E37F865D-D655-46C3-9659-015D8C84F021}"
EndProject
Global
	GlobalSection(SolutionConfigurationPlatforms) = preSolution
		Debug|Any CPU = Debug|Any CPU
		Release|Any CPU = Release|Any CPU
	EndGlobalSection
	GlobalSection(ProjectConfigurationPlatforms) = postSolution
		{E37F865D-D655-46C3-9659-015D8C84F021}.Debug|Any CPU.ActiveCfg = Debug|Any CPU
		{E37F865D-D655-46C3-9659-015D8C84F021}.Release|Any CPU.ActiveCfg = Release|Any CPU
	EndGlobalSection
	GlobalSection(SolutionProperties) = preSolution
		HideSolutionNode = FALSE
	EndGlobalSection
	GlobalSection(ExtensibilityGlobals) = postSolution
		SolutionGuid = {7F932048-A17F-45E8-924D-C09E57DA71E5}
	EndGlobalSection
EndGlobal
